
Microsoft Visual Studio Solution File, Format Version 11.00
# Visual Studio 2010
Project("{FAE04EC0-301F-11D3-BF4B-00C04F79EFBC}") = "Market.Cqrsnes.Domain", "Market.Cqrsnes.Domain\Market.Cqrsnes.Domain.csproj", "{EB5D69E1-A2CB-4BA7-8D53-E8202F7D83C3}"
EndProject
Project("{FAE04EC0-301F-11D3-BF4B-00C04F79EFBC}") = "Cqrsnes.Infrastructure", "Cqrsnes.Infrastructure\Cqrsnes.Infrastructure.csproj", "{3FD142CF-F7FA-44EB-802B-C5D79828FE42}"
EndProject
Project("{FAE04EC0-301F-11D3-BF4B-00C04F79EFBC}") = "Cqrsnes.Infrastructure.Impl", "Cqrsnes.Infrastructure.Impl\Cqrsnes.Infrastructure.Impl.csproj", "{0C31F901-872B-497D-876C-DCF3973534CB}"
EndProject
Project("{2150E333-8FDC-42A3-9474-1A3956D46DE8}") = "Solution Items", "Solution Items", "{00497C48-9B88-4350-9780-BDA20A73C91E}"
	ProjectSection(SolutionItems) = preProject
		Readme.txt = Readme.txt
	EndProjectSection
EndProject
Project("{FAE04EC0-301F-11D3-BF4B-00C04F79EFBC}") = "Market.Cqrsnes.Projection.Test", "Market.Cqrsnes.Projection.Test\Market.Cqrsnes.Projection.Test.csproj", "{BBCFA136-D9AB-4711-89BF-08430DA3353B}"
EndProject
Project("{FAE04EC0-301F-11D3-BF4B-00C04F79EFBC}") = "Cqrsnes.Test", "Cqrsnes.Test\Cqrsnes.Test.csproj", "{AF6ABA8C-DEF4-4F3A-8534-CFF62B899C34}"
EndProject
Project("{2150E333-8FDC-42A3-9474-1A3956D46DE8}") = "Cqrsnes", "Cqrsnes", "{F68E8991-3CB0-4C5B-B93B-517196E0A053}"
EndProject
Project("{2150E333-8FDC-42A3-9474-1A3956D46DE8}") = "Market.Cqrsnes", "Market.Cqrsnes", "{ADBE4CF4-56A5-44CA-BD68-23EDFE8C3893}"
EndProject
Project("{FAE04EC0-301F-11D3-BF4B-00C04F79EFBC}") = "Market.Cqrsnes.Domain.Test", "Market.Cqrsnes.Domain.Test\Market.Cqrsnes.Domain.Test.csproj", "{33345FDA-A6EA-41C4-9F06-A72A41309155}"
EndProject
Project("{FAE04EC0-301F-11D3-BF4B-00C04F79EFBC}") = "Market.Cqrsnes.Projection", "Market.Cqrsnes.Projection\Market.Cqrsnes.Projection.csproj", "{865D0EBC-AEAD-4C38-8FD7-742D0C10590B}"
EndProject
Project("{FAE04EC0-301F-11D3-BF4B-00C04F79EFBC}") = "Market.Cqrsnes.WebUi", "Market.Cqrsnes.WebUi\Market.Cqrsnes.WebUi.csproj", "{988A8A50-6918-401C-A102-0D0EFA0E2CFD}"
EndProject
Global
	GlobalSection(SubversionScc) = preSolution
		Svn-Managed = True
		Manager = AnkhSVN - Subversion Support for Visual Studio
	EndGlobalSection
	GlobalSection(SolutionConfigurationPlatforms) = preSolution
		Debug|Any CPU = Debug|Any CPU
		Release|Any CPU = Release|Any CPU
	EndGlobalSection
	GlobalSection(ProjectConfigurationPlatforms) = postSolution
		{EB5D69E1-A2CB-4BA7-8D53-E8202F7D83C3}.Debug|Any CPU.ActiveCfg = Debug|Any CPU
		{EB5D69E1-A2CB-4BA7-8D53-E8202F7D83C3}.Debug|Any CPU.Build.0 = Debug|Any CPU
		{EB5D69E1-A2CB-4BA7-8D53-E8202F7D83C3}.Release|Any CPU.ActiveCfg = Release|Any CPU
		{EB5D69E1-A2CB-4BA7-8D53-E8202F7D83C3}.Release|Any CPU.Build.0 = Release|Any CPU
		{3FD142CF-F7FA-44EB-802B-C5D79828FE42}.Debug|Any CPU.ActiveCfg = Debug|Any CPU
		{3FD142CF-F7FA-44EB-802B-C5D79828FE42}.Debug|Any CPU.Build.0 = Debug|Any CPU
		{3FD142CF-F7FA-44EB-802B-C5D79828FE42}.Release|Any CPU.ActiveCfg = Release|Any CPU
		{3FD142CF-F7FA-44EB-802B-C5D79828FE42}.Release|Any CPU.Build.0 = Release|Any CPU
		{0C31F901-872B-497D-876C-DCF3973534CB}.Debug|Any CPU.ActiveCfg = Debug|Any CPU
		{0C31F901-872B-497D-876C-DCF3973534CB}.Debug|Any CPU.Build.0 = Debug|Any CPU
		{0C31F901-872B-497D-876C-DCF3973534CB}.Release|Any CPU.ActiveCfg = Release|Any CPU
		{0C31F901-872B-497D-876C-DCF3973534CB}.Release|Any CPU.Build.0 = Release|Any CPU
		{BBCFA136-D9AB-4711-89BF-08430DA3353B}.Debug|Any CPU.ActiveCfg = Debug|Any CPU
		{BBCFA136-D9AB-4711-89BF-08430DA3353B}.Debug|Any CPU.Build.0 = Debug|Any CPU
		{BBCFA136-D9AB-4711-89BF-08430DA3353B}.Release|Any CPU.ActiveCfg = Release|Any CPU
		{BBCFA136-D9AB-4711-89BF-08430DA3353B}.Release|Any CPU.Build.0 = Release|Any CPU
		{AF6ABA8C-DEF4-4F3A-8534-CFF62B899C34}.Debug|Any CPU.ActiveCfg = Debug|Any CPU
		{AF6ABA8C-DEF4-4F3A-8534-CFF62B899C34}.Debug|Any CPU.Build.0 = Debug|Any CPU
		{AF6ABA8C-DEF4-4F3A-8534-CFF62B899C34}.Release|Any CPU.ActiveCfg = Release|Any CPU
		{AF6ABA8C-DEF4-4F3A-8534-CFF62B899C34}.Release|Any CPU.Build.0 = Release|Any CPU
		{33345FDA-A6EA-41C4-9F06-A72A41309155}.Debug|Any CPU.ActiveCfg = Debug|Any CPU
		{33345FDA-A6EA-41C4-9F06-A72A41309155}.Debug|Any CPU.Build.0 = Debug|Any CPU
		{33345FDA-A6EA-41C4-9F06-A72A41309155}.Release|Any CPU.ActiveCfg = Release|Any CPU
		{33345FDA-A6EA-41C4-9F06-A72A41309155}.Release|Any CPU.Build.0 = Release|Any CPU
		{865D0EBC-AEAD-4C38-8FD7-742D0C10590B}.Debug|Any CPU.ActiveCfg = Debug|Any CPU
		{865D0EBC-AEAD-4C38-8FD7-742D0C10590B}.Debug|Any CPU.Build.0 = Debug|Any CPU
		{865D0EBC-AEAD-4C38-8FD7-742D0C10590B}.Release|Any CPU.ActiveCfg = Release|Any CPU
		{865D0EBC-AEAD-4C38-8FD7-742D0C10590B}.Release|Any CPU.Build.0 = Release|Any CPU
		{988A8A50-6918-401C-A102-0D0EFA0E2CFD}.Debug|Any CPU.ActiveCfg = Debug|Any CPU
		{988A8A50-6918-401C-A102-0D0EFA0E2CFD}.Debug|Any CPU.Build.0 = Debug|Any CPU
		{988A8A50-6918-401C-A102-0D0EFA0E2CFD}.Release|Any CPU.ActiveCfg = Release|Any CPU
		{988A8A50-6918-401C-A102-0D0EFA0E2CFD}.Release|Any CPU.Build.0 = Release|Any CPU
	EndGlobalSection
	GlobalSection(SolutionProperties) = preSolution
		HideSolutionNode = FALSE
	EndGlobalSection
	GlobalSection(NestedProjects) = preSolution
		{BBCFA136-D9AB-4711-89BF-08430DA3353B} = {ADBE4CF4-56A5-44CA-BD68-23EDFE8C3893}
		{EB5D69E1-A2CB-4BA7-8D53-E8202F7D83C3} = {ADBE4CF4-56A5-44CA-BD68-23EDFE8C3893}
		{33345FDA-A6EA-41C4-9F06-A72A41309155} = {ADBE4CF4-56A5-44CA-BD68-23EDFE8C3893}
		{865D0EBC-AEAD-4C38-8FD7-742D0C10590B} = {ADBE4CF4-56A5-44CA-BD68-23EDFE8C3893}
		{988A8A50-6918-401C-A102-0D0EFA0E2CFD} = {ADBE4CF4-56A5-44CA-BD68-23EDFE8C3893}
		{0C31F901-872B-497D-876C-DCF3973534CB} = {F68E8991-3CB0-4C5B-B93B-517196E0A053}
		{AF6ABA8C-DEF4-4F3A-8534-CFF62B899C34} = {F68E8991-3CB0-4C5B-B93B-517196E0A053}
		{3FD142CF-F7FA-44EB-802B-C5D79828FE42} = {F68E8991-3CB0-4C5B-B93B-517196E0A053}
	EndGlobalSection
EndGlobal
